{
    "_readme": [
        "This file locks the dependencies of your project to a known state",
        "Read more about it at http://getcomposer.org/doc/01-basic-usage.md#composer-lock-the-lock-file"
    ],
    "hash": "93ede4189ef6b754c4a309f7dfc95e28",
    "packages": [
        {
            "name": "sebastian/money",
            "version": "v1.0.0",
            "source": {
                "type": "git",
                "url": "https://github.com/sebastianbergmann/money.git",
                "reference": "c07a373d2399f3e686234c4f7f088d635eb9641b"
            },
            "dist": {
                "type": "zip",
                "url": "https://api.github.com/repos/sebastianbergmann/money/zipball/c07a373d2399f3e686234c4f7f088d635eb9641b",
                "reference": "c07a373d2399f3e686234c4f7f088d635eb9641b",
                "shasum": ""
            },
            "require": {
                "ext-intl": "*",
                "php": ">=5.3.3"
            },
            "type": "library",
            "extra": {
                "branch-alias": {
                    "dev-master": "1.0.x-dev"
                }
            },
            "autoload": {
                "classmap": [
                    "src/"
                ]
            },
            "notification-url": "https://packagist.org/downloads/",
            "license": [
                "BSD-3-Clause"
            ],
            "authors": [
                {
                    "name": "Sebastian Bergmann",
                    "email": "sebastian@phpunit.de",
                    "role": "lead"
                }
            ],
            "description": "Value Object that represents a monetary value (using a currency's smallest unit).",
            "homepage": "http://www.github.com/sebastianbergmann/money",
            "keywords": [
                "money"
            ],
            "time": "2013-07-21 15:52:12"
        }
    ],
    "packages-dev": [

    ],
    "aliases": [

    ],
    "minimum-stability": "stable",
    "stability-flags": [

    ],
    "platform": [

    ],
    "platform-dev": [

    ]
}
