{
    "_readme": [
        "This file locks the dependencies of your project to a known state",
        "Read more about it at http://getcomposer.org/doc/01-basic-usage.md#composer-lock-the-lock-file"
    ],
    "hash": "87187c85ac241c2a56ff1c91db8a18e1",
    "packages": [
        {
            "name": "sebastian/money",
            "version": "dev-master",
            "source": {
                "type": "git",
                "url": "https://github.com/sebastianbergmann/money.git",
                "reference": "6f7b801a5e8972741f021113969a6c9e960519c2"
            },
            "dist": {
                "type": "zip",
                "url": "https://api.github.com/repos/sebastianbergmann/money/zipball/6f7b801a5e8972741f021113969a6c9e960519c2",
                "reference": "6f7b801a5e8972741f021113969a6c9e960519c2",
                "shasum": ""
            },
            "require": {
                "ext-intl": "*",
                "php": ">=5.3.3"
            },
            "type": "library",
            "extra": {
                "branch-alias": {
                    "dev-master": "1.0.x-dev"
                }
            },
            "autoload": {
                "classmap": [
                    "src/"
                ]
            },
            "notification-url": "https://packagist.org/downloads/",
            "license": [
                "BSD-3-Clause"
            ],
            "authors": [
                {
                    "name": "Sebastian Bergmann",
                    "email": "sebastian@phpunit.de",
                    "role": "lead"
                }
            ],
            "description": "Value Object that represents a monetary value (using a currency's smallest unit).",
            "homepage": "http://www.github.com/sebastianbergmann/money",
            "keywords": [
                "money"
            ],
            "time": "2013-09-14 16:21:28"
        }
    ],
    "packages-dev": [

    ],
    "aliases": [

    ],
    "minimum-stability": "stable",
    "stability-flags": {
        "sebastian/money": 20
    },
    "platform": [

    ],
    "platform-dev": [

    ]
}
